
Microsoft Visual Studio Solution File, Format Version 12.00
# Visual Studio Version 16
VisualStudioVersion = 16.0.30011.22
MinimumVisualStudioVersion = 10.0.40219.1
Project("{9A19103F-16F7-4668-BE54-9A1E7A4F7556}") = "AsaniCRUD", "AsaniCRUD\AsaniCRUD.csproj", "{4632E9F8-08F3-473E-9E49-8EDED169AAF1}"
EndProject
Project("{2150E333-8FDC-42A3-9474-1A3956D46DE8}") = "Domain", "Domain", "{7430D45F-A291-4237-ADDC-B16098B52974}"
EndProject
Project("{9A19103F-16F7-4668-BE54-9A1E7A4F7556}") = "AsaniCRUD.Domain", "AsaniCRUD.Domain\AsaniCRUD.Domain.csproj", "{7CFDE283-6A07-4B81-9E2A-2F465B7B5570}"
EndProject
Project("{2150E333-8FDC-42A3-9474-1A3956D46DE8}") = "src", "src", "{70268A85-846E-4F3A-8E97-6333E6119E46}"
EndProject
Project("{2150E333-8FDC-42A3-9474-1A3956D46DE8}") = "tests", "tests", "{D7868A27-8366-471C-AB90-7A1F4373C8AA}"
EndProject
Project("{2150E333-8FDC-42A3-9474-1A3956D46DE8}") = "Framework", "Framework", "{7CF4A7C5-C71A-48C7-B782-C72D44705CCA}"
EndProject
Project("{9A19103F-16F7-4668-BE54-9A1E7A4F7556}") = "Framework.Core", "Framework.Core\Framework.Core.csproj", "{9DD5128C-CB51-45D8-B3D7-48C405916A82}"
EndProject
Project("{9A19103F-16F7-4668-BE54-9A1E7A4F7556}") = "Framework.Domain", "Framework.Domain\Framework.Domain.csproj", "{F301BC14-7B08-4FFA-90EE-D65BB159AA29}"
EndProject
Project("{2150E333-8FDC-42A3-9474-1A3956D46DE8}") = "Infrastructure", "Infrastructure", "{667A46B3-13CA-424D-8D7A-A21EAA9DCD96}"
EndProject
Project("{9A19103F-16F7-4668-BE54-9A1E7A4F7556}") = "AsaniCRUD.Persistence", "AsaniCRUD.Persistence\AsaniCRUD.Persistence.csproj", "{42E2F3AD-CEB2-405C-8AF9-BC9FE69C368D}"
EndProject
Project("{2150E333-8FDC-42A3-9474-1A3956D46DE8}") = "Application", "Application", "{4CA27C1F-7821-40CA-9863-79289954B0A8}"
EndProject
Project("{9A19103F-16F7-4668-BE54-9A1E7A4F7556}") = "AsaniCRUD.Application", "AsaniCRUD.Application\AsaniCRUD.Application.csproj", "{54A35C05-05EB-4EEB-B21E-12C5D46C1140}"
EndProject
Project("{9A19103F-16F7-4668-BE54-9A1E7A4F7556}") = "Framework.Application", "Framework.Application\Framework.Application.csproj", "{02D71D0D-EAA2-43DB-9991-A2768D4E7F3A}"
EndProject
Project("{9A19103F-16F7-4668-BE54-9A1E7A4F7556}") = "Framework.Autofac", "Framework.Autofac\Framework.Autofac.csproj", "{30EF2F96-F450-4603-8255-39A87E001975}"
EndProject
Project("{2150E333-8FDC-42A3-9474-1A3956D46DE8}") = "Interface", "Interface", "{3AE4529F-D735-4B62-B5CE-5E43BD78CDBD}"
EndProject
Project("{FAE04EC0-301F-11D3-BF4B-00C04F79EFBC}") = "AsaniCRUD.Facade.Contract", "AsaniCRUD.Facade.Contract\AsaniCRUD.Facade.Contract.csproj", "{17A8D628-3B7C-4540-AF37-8DEDABAC4960}"
EndProject
Project("{FAE04EC0-301F-11D3-BF4B-00C04F79EFBC}") = "AsaniCRUD.Facade.Services", "AsaniCRUD.Facade.Services\AsaniCRUD.Facade.Services.csproj", "{7D8F2BA2-1A86-4F12-8CBC-275B77523C4C}"
EndProject
Project("{FAE04EC0-301F-11D3-BF4B-00C04F79EFBC}") = "AsaniCRUD.Facade.Query", "AsaniCRUD.Facade.Query\AsaniCRUD.Facade.Query.csproj", "{1975F41C-E727-401B-A71B-CC511E9E81AA}"
EndProject
Project("{2150E333-8FDC-42A3-9474-1A3956D46DE8}") = "ReadModel", "ReadModel", "{DCB35955-CDBD-46D2-9A4E-2CCB07661E5C}"
EndProject
Project("{FAE04EC0-301F-11D3-BF4B-00C04F79EFBC}") = "AsaniCRUD.ReadModel", "AsaniCRUD.ReadModel\AsaniCRUD.ReadModel.csproj", "{11BAF5EE-2ECB-4D17-8BC1-22AC84E450AC}"
EndProject
Project("{FAE04EC0-301F-11D3-BF4B-00C04F79EFBC}") = "AsaniCRUD.Wireup", "AsaniCRUD.Wireup\AsaniCRUD.Wireup.csproj", "{E4846D87-FE8C-41E2-A09D-E627E8E03703}"
EndProject
Global
	GlobalSection(SolutionConfigurationPlatforms) = preSolution
		Debug|Any CPU = Debug|Any CPU
		Release|Any CPU = Release|Any CPU
	EndGlobalSection
	GlobalSection(ProjectConfigurationPlatforms) = postSolution
		{4632E9F8-08F3-473E-9E49-8EDED169AAF1}.Debug|Any CPU.ActiveCfg = Debug|Any CPU
		{4632E9F8-08F3-473E-9E49-8EDED169AAF1}.Debug|Any CPU.Build.0 = Debug|Any CPU
		{4632E9F8-08F3-473E-9E49-8EDED169AAF1}.Release|Any CPU.ActiveCfg = Release|Any CPU
		{4632E9F8-08F3-473E-9E49-8EDED169AAF1}.Release|Any CPU.Build.0 = Release|Any CPU
		{7CFDE283-6A07-4B81-9E2A-2F465B7B5570}.Debug|Any CPU.ActiveCfg = Debug|Any CPU
		{7CFDE283-6A07-4B81-9E2A-2F465B7B5570}.Debug|Any CPU.Build.0 = Debug|Any CPU
		{7CFDE283-6A07-4B81-9E2A-2F465B7B5570}.Release|Any CPU.ActiveCfg = Release|Any CPU
		{7CFDE283-6A07-4B81-9E2A-2F465B7B5570}.Release|Any CPU.Build.0 = Release|Any CPU
		{9DD5128C-CB51-45D8-B3D7-48C405916A82}.Debug|Any CPU.ActiveCfg = Debug|Any CPU
		{9DD5128C-CB51-45D8-B3D7-48C405916A82}.Debug|Any CPU.Build.0 = Debug|Any CPU
		{9DD5128C-CB51-45D8-B3D7-48C405916A82}.Release|Any CPU.ActiveCfg = Release|Any CPU
		{9DD5128C-CB51-45D8-B3D7-48C405916A82}.Release|Any CPU.Build.0 = Release|Any CPU
		{F301BC14-7B08-4FFA-90EE-D65BB159AA29}.Debug|Any CPU.ActiveCfg = Debug|Any CPU
		{F301BC14-7B08-4FFA-90EE-D65BB159AA29}.Debug|Any CPU.Build.0 = Debug|Any CPU
		{F301BC14-7B08-4FFA-90EE-D65BB159AA29}.Release|Any CPU.ActiveCfg = Release|Any CPU
		{F301BC14-7B08-4FFA-90EE-D65BB159AA29}.Release|Any CPU.Build.0 = Release|Any CPU
		{42E2F3AD-CEB2-405C-8AF9-BC9FE69C368D}.Debug|Any CPU.ActiveCfg = Debug|Any CPU
		{42E2F3AD-CEB2-405C-8AF9-BC9FE69C368D}.Debug|Any CPU.Build.0 = Debug|Any CPU
		{42E2F3AD-CEB2-405C-8AF9-BC9FE69C368D}.Release|Any CPU.ActiveCfg = Release|Any CPU
		{42E2F3AD-CEB2-405C-8AF9-BC9FE69C368D}.Release|Any CPU.Build.0 = Release|Any CPU
		{54A35C05-05EB-4EEB-B21E-12C5D46C1140}.Debug|Any CPU.ActiveCfg = Debug|Any CPU
		{54A35C05-05EB-4EEB-B21E-12C5D46C1140}.Debug|Any CPU.Build.0 = Debug|Any CPU
		{54A35C05-05EB-4EEB-B21E-12C5D46C1140}.Release|Any CPU.ActiveCfg = Release|Any CPU
		{54A35C05-05EB-4EEB-B21E-12C5D46C1140}.Release|Any CPU.Build.0 = Release|Any CPU
		{02D71D0D-EAA2-43DB-9991-A2768D4E7F3A}.Debug|Any CPU.ActiveCfg = Debug|Any CPU
		{02D71D0D-EAA2-43DB-9991-A2768D4E7F3A}.Debug|Any CPU.Build.0 = Debug|Any CPU
		{02D71D0D-EAA2-43DB-9991-A2768D4E7F3A}.Release|Any CPU.ActiveCfg = Release|Any CPU
		{02D71D0D-EAA2-43DB-9991-A2768D4E7F3A}.Release|Any CPU.Build.0 = Release|Any CPU
		{30EF2F96-F450-4603-8255-39A87E001975}.Debug|Any CPU.ActiveCfg = Debug|Any CPU
		{30EF2F96-F450-4603-8255-39A87E001975}.Debug|Any CPU.Build.0 = Debug|Any CPU
		{30EF2F96-F450-4603-8255-39A87E001975}.Release|Any CPU.ActiveCfg = Release|Any CPU
		{30EF2F96-F450-4603-8255-39A87E001975}.Release|Any CPU.Build.0 = Release|Any CPU
		{17A8D628-3B7C-4540-AF37-8DEDABAC4960}.Debug|Any CPU.ActiveCfg = Debug|Any CPU
		{17A8D628-3B7C-4540-AF37-8DEDABAC4960}.Debug|Any CPU.Build.0 = Debug|Any CPU
		{17A8D628-3B7C-4540-AF37-8DEDABAC4960}.Release|Any CPU.ActiveCfg = Release|Any CPU
		{17A8D628-3B7C-4540-AF37-8DEDABAC4960}.Release|Any CPU.Build.0 = Release|Any CPU
		{7D8F2BA2-1A86-4F12-8CBC-275B77523C4C}.Debug|Any CPU.ActiveCfg = Debug|Any CPU
		{7D8F2BA2-1A86-4F12-8CBC-275B77523C4C}.Debug|Any CPU.Build.0 = Debug|Any CPU
		{7D8F2BA2-1A86-4F12-8CBC-275B77523C4C}.Release|Any CPU.ActiveCfg = Release|Any CPU
		{7D8F2BA2-1A86-4F12-8CBC-275B77523C4C}.Release|Any CPU.Build.0 = Release|Any CPU
		{1975F41C-E727-401B-A71B-CC511E9E81AA}.Debug|Any CPU.ActiveCfg = Debug|Any CPU
		{1975F41C-E727-401B-A71B-CC511E9E81AA}.Debug|Any CPU.Build.0 = Debug|Any CPU
		{1975F41C-E727-401B-A71B-CC511E9E81AA}.Release|Any CPU.ActiveCfg = Release|Any CPU
		{1975F41C-E727-401B-A71B-CC511E9E81AA}.Release|Any CPU.Build.0 = Release|Any CPU
		{11BAF5EE-2ECB-4D17-8BC1-22AC84E450AC}.Debug|Any CPU.ActiveCfg = Debug|Any CPU
		{11BAF5EE-2ECB-4D17-8BC1-22AC84E450AC}.Debug|Any CPU.Build.0 = Debug|Any CPU
		{11BAF5EE-2ECB-4D17-8BC1-22AC84E450AC}.Release|Any CPU.ActiveCfg = Release|Any CPU
		{11BAF5EE-2ECB-4D17-8BC1-22AC84E450AC}.Release|Any CPU.Build.0 = Release|Any CPU
		{E4846D87-FE8C-41E2-A09D-E627E8E03703}.Debug|Any CPU.ActiveCfg = Debug|Any CPU
		{E4846D87-FE8C-41E2-A09D-E627E8E03703}.Debug|Any CPU.Build.0 = Debug|Any CPU
		{E4846D87-FE8C-41E2-A09D-E627E8E03703}.Release|Any CPU.ActiveCfg = Release|Any CPU
		{E4846D87-FE8C-41E2-A09D-E627E8E03703}.Release|Any CPU.Build.0 = Release|Any CPU
	EndGlobalSection
	GlobalSection(SolutionProperties) = preSolution
		HideSolutionNode = FALSE
	EndGlobalSection
	GlobalSection(NestedProjects) = preSolution
		{7430D45F-A291-4237-ADDC-B16098B52974} = {70268A85-846E-4F3A-8E97-6333E6119E46}
		{7CFDE283-6A07-4B81-9E2A-2F465B7B5570} = {7430D45F-A291-4237-ADDC-B16098B52974}
		{9DD5128C-CB51-45D8-B3D7-48C405916A82} = {7CF4A7C5-C71A-48C7-B782-C72D44705CCA}
		{F301BC14-7B08-4FFA-90EE-D65BB159AA29} = {7CF4A7C5-C71A-48C7-B782-C72D44705CCA}
		{667A46B3-13CA-424D-8D7A-A21EAA9DCD96} = {70268A85-846E-4F3A-8E97-6333E6119E46}
		{42E2F3AD-CEB2-405C-8AF9-BC9FE69C368D} = {667A46B3-13CA-424D-8D7A-A21EAA9DCD96}
		{4CA27C1F-7821-40CA-9863-79289954B0A8} = {70268A85-846E-4F3A-8E97-6333E6119E46}
		{54A35C05-05EB-4EEB-B21E-12C5D46C1140} = {4CA27C1F-7821-40CA-9863-79289954B0A8}
		{02D71D0D-EAA2-43DB-9991-A2768D4E7F3A} = {7CF4A7C5-C71A-48C7-B782-C72D44705CCA}
		{30EF2F96-F450-4603-8255-39A87E001975} = {7CF4A7C5-C71A-48C7-B782-C72D44705CCA}
		{3AE4529F-D735-4B62-B5CE-5E43BD78CDBD} = {70268A85-846E-4F3A-8E97-6333E6119E46}
		{17A8D628-3B7C-4540-AF37-8DEDABAC4960} = {3AE4529F-D735-4B62-B5CE-5E43BD78CDBD}
		{7D8F2BA2-1A86-4F12-8CBC-275B77523C4C} = {3AE4529F-D735-4B62-B5CE-5E43BD78CDBD}
		{1975F41C-E727-401B-A71B-CC511E9E81AA} = {3AE4529F-D735-4B62-B5CE-5E43BD78CDBD}
		{DCB35955-CDBD-46D2-9A4E-2CCB07661E5C} = {70268A85-846E-4F3A-8E97-6333E6119E46}
		{11BAF5EE-2ECB-4D17-8BC1-22AC84E450AC} = {DCB35955-CDBD-46D2-9A4E-2CCB07661E5C}
		{E4846D87-FE8C-41E2-A09D-E627E8E03703} = {667A46B3-13CA-424D-8D7A-A21EAA9DCD96}
	EndGlobalSection
	GlobalSection(ExtensibilityGlobals) = postSolution
		SolutionGuid = {26273A25-6943-467B-9193-25D01B7DFC23}
	EndGlobalSection
EndGlobal
